# THIS IS AN AUTOGENERATED FILE. DO NOT EDIT THIS FILE DIRECTLY.
# yarn lockfile v1


"@capacitor/share@^4.0.1":
  version "4.0.1"
  resolved "https://registry.yarnpkg.com/@capacitor/share/-/share-4.0.1.tgz#71471eba1f193e1d73c5a507cd8f4b836999f68f"
  integrity sha512-czqYavgW+rMrlcgZkLHJ4Xwr+7E/T2YxxZ5tVtdqxANlKCw/qUL2tpNx3wphiC8lWj9wLUWFjgrBBDeZSlPYdQ==
